// !$*UTF8*$!
{
	archiveVersion = 1;
	classes = {
	};
	objectVersion = 56;
	objects = {

/* Begin PBXBuildFile section */
		C014B9012C7906400098B8DB /* WeatherStatusViewController.swift in Sources */ = {isa = PBXBuildFile; fileRef = C014B9002C7906400098B8DB /* WeatherStatusViewController.swift */; };
		C014B9032C7906550098B8DB /* WeatherStatusView.swift in Sources */ = {isa = PBXBuildFile; fileRef = C014B9022C7906550098B8DB /* WeatherStatusView.swift */; };
		C014B9052C790B900098B8DB /* WeatherStatusViewModel.swift in Sources */ = {isa = PBXBuildFile; fileRef = C014B9042C790B900098B8DB /* WeatherStatusViewModel.swift */; };
		C014B9072C790CB20098B8DB /* Bindable.swift in Sources */ = {isa = PBXBuildFile; fileRef = C014B9062C790CB20098B8DB /* Bindable.swift */; };
		C014B90A2C790F390098B8DB /* Location.swift in Sources */ = {isa = PBXBuildFile; fileRef = C014B9092C790F390098B8DB /* Location.swift */; };
		C014B90E2C7913AC0098B8DB /* WeatherStatusTableViewCell.swift in Sources */ = {isa = PBXBuildFile; fileRef = C014B90D2C7913AC0098B8DB /* WeatherStatusTableViewCell.swift */; };
		C014B9102C792B9A0098B8DB /* WeatherStatusCoordinator.swift in Sources */ = {isa = PBXBuildFile; fileRef = C014B90F2C792B9A0098B8DB /* WeatherStatusCoordinator.swift */; };
		C0BA541A2C7D413000818102 /* WeatherDetailViewController.swift in Sources */ = {isa = PBXBuildFile; fileRef = C0BA54192C7D413000818102 /* WeatherDetailViewController.swift */; };
		C0BA541F2C7D544E00818102 /* README.md in Resources */ = {isa = PBXBuildFile; fileRef = C0BA541E2C7D544E00818102 /* README.md */; };
		C0C803202C7CDE45001EAC04 /* APIClient.swift in Sources */ = {isa = PBXBuildFile; fileRef = C0C8031D2C7CDE45001EAC04 /* APIClient.swift */; };
		C0C803212C7CDE45001EAC04 /* WeatherResponse.swift in Sources */ = {isa = PBXBuildFile; fileRef = C0C8031F2C7CDE45001EAC04 /* WeatherResponse.swift */; };
		C0C803242C7CDEE9001EAC04 /* KeychainHelper.swift in Sources */ = {isa = PBXBuildFile; fileRef = C0C803232C7CDEE9001EAC04 /* KeychainHelper.swift */; };
		C0CB5BFE2C781C4400756B47 /* AppDelegate.swift in Sources */ = {isa = PBXBuildFile; fileRef = C0CB5BFD2C781C4400756B47 /* AppDelegate.swift */; };
		C0CB5C002C781C4400756B47 /* SceneDelegate.swift in Sources */ = {isa = PBXBuildFile; fileRef = C0CB5BFF2C781C4400756B47 /* SceneDelegate.swift */; };
		C0CB5C082C781C4400756B47 /* WeatherNow.xcdatamodeld in Sources */ = {isa = PBXBuildFile; fileRef = C0CB5C062C781C4400756B47 /* WeatherNow.xcdatamodeld */; };
		C0CB5C0A2C781C4700756B47 /* Assets.xcassets in Resources */ = {isa = PBXBuildFile; fileRef = C0CB5C092C781C4700756B47 /* Assets.xcassets */; };
		C0CB5C0D2C781C4700756B47 /* LaunchScreen.storyboard in Resources */ = {isa = PBXBuildFile; fileRef = C0CB5C0B2C781C4700756B47 /* LaunchScreen.storyboard */; };
		C0CB5C222C781C4700756B47 /* WeatherNowUITests.swift in Sources */ = {isa = PBXBuildFile; fileRef = C0CB5C212C781C4700756B47 /* WeatherNowUITests.swift */; };
		C0CB5C242C781C4700756B47 /* WeatherNowUITestsLaunchTests.swift in Sources */ = {isa = PBXBuildFile; fileRef = C0CB5C232C781C4700756B47 /* WeatherNowUITestsLaunchTests.swift */; };
		C0CB5C352C78261E00756B47 /* LocationRegistrationViewController.swift in Sources */ = {isa = PBXBuildFile; fileRef = C0CB5C342C78261E00756B47 /* LocationRegistrationViewController.swift */; };
		C0CB5C372C78269F00756B47 /* LocationRegistrationView.swift in Sources */ = {isa = PBXBuildFile; fileRef = C0CB5C362C78269F00756B47 /* LocationRegistrationView.swift */; };
		C0CB5C3B2C782A6700756B47 /* LocationRegistrationViewModel.swift in Sources */ = {isa = PBXBuildFile; fileRef = C0CB5C3A2C782A6700756B47 /* LocationRegistrationViewModel.swift */; };
		C0CB5C3D2C782B8D00756B47 /* LocationRegistrationCoordinator.swift in Sources */ = {isa = PBXBuildFile; fileRef = C0CB5C3C2C782B8D00756B47 /* LocationRegistrationCoordinator.swift */; };
		C0CB5C402C78356700756B47 /* CoordinatorInterface.swift in Sources */ = {isa = PBXBuildFile; fileRef = C0CB5C3F2C78356700756B47 /* CoordinatorInterface.swift */; };
		C0CB5C422C78374800756B47 /* MainCoordinator.swift in Sources */ = {isa = PBXBuildFile; fileRef = C0CB5C412C78374800756B47 /* MainCoordinator.swift */; };
		C0CB5C472C7838C400756B47 /* LocationRepositoryInterface.swift in Sources */ = {isa = PBXBuildFile; fileRef = C0CB5C462C7838C400756B47 /* LocationRepositoryInterface.swift */; };
		C0CB5C492C7838E500756B47 /* WeatherRepositoryInterface.swift in Sources */ = {isa = PBXBuildFile; fileRef = C0CB5C482C7838E500756B47 /* WeatherRepositoryInterface.swift */; };
		C0CB5C4D2C783A4D00756B47 /* LocationRepository.swift in Sources */ = {isa = PBXBuildFile; fileRef = C0CB5C4C2C783A4D00756B47 /* LocationRepository.swift */; };
		C0CB5C4F2C783A9500756B47 /* WeatherRepository.swift in Sources */ = {isa = PBXBuildFile; fileRef = C0CB5C4E2C783A9500756B47 /* WeatherRepository.swift */; };
		C0CB5C562C783AFA00756B47 /* LocationEntity.swift in Sources */ = {isa = PBXBuildFile; fileRef = C0CB5C552C783AFA00756B47 /* LocationEntity.swift */; };
		C0E586F02C7E54D900F6BE7B /* NotificationService.swift in Sources */ = {isa = PBXBuildFile; fileRef = C0E586EF2C7E54D900F6BE7B /* NotificationService.swift */; };
		C0E586F22C7E553900F6BE7B /* WeatherNotificationService.swift in Sources */ = {isa = PBXBuildFile; fileRef = C0E586F12C7E553900F6BE7B /* WeatherNotificationService.swift */; };
		C0E586F42C7E7B0D00F6BE7B /* WeatherStatusViewModelTests.swift in Sources */ = {isa = PBXBuildFile; fileRef = C0E586F32C7E7B0D00F6BE7B /* WeatherStatusViewModelTests.swift */; };
		C0E586F72C7E851500F6BE7B /* MockWeatherRepository.swift in Sources */ = {isa = PBXBuildFile; fileRef = C0E586F62C7E851500F6BE7B /* MockWeatherRepository.swift */; };
		C0E586F92C7E857900F6BE7B /* MockLocationRepository.swift in Sources */ = {isa = PBXBuildFile; fileRef = C0E586F82C7E857900F6BE7B /* MockLocationRepository.swift */; };
		C0E586FB2C7E85BE00F6BE7B /* MockWeatherNotificationService.swift in Sources */ = {isa = PBXBuildFile; fileRef = C0E586FA2C7E85BE00F6BE7B /* MockWeatherNotificationService.swift */; };
		C0E586FF2C7E8A2400F6BE7B /* LocationRegistrationViewModelTests.swift in Sources */ = {isa = PBXBuildFile; fileRef = C0E586FE2C7E8A2400F6BE7B /* LocationRegistrationViewModelTests.swift */; };
		C0E587012C7E8BD200F6BE7B /* MockAPIClient.swift in Sources */ = {isa = PBXBuildFile; fileRef = C0E587002C7E8BD200F6BE7B /* MockAPIClient.swift */; };
		C0E587032C7E8C6700F6BE7B /* APIClientInterface.swift in Sources */ = {isa = PBXBuildFile; fileRef = C0E587022C7E8C6700F6BE7B /* APIClientInterface.swift */; };
		C0E587062C7E8E3600F6BE7B /* LocationRepositoryTests.swift in Sources */ = {isa = PBXBuildFile; fileRef = C0E587052C7E8E3600F6BE7B /* LocationRepositoryTests.swift */; };
		C0E587092C7E932700F6BE7B /* WeatherRepositoryTests.swift in Sources */ = {isa = PBXBuildFile; fileRef = C0E587082C7E932700F6BE7B /* WeatherRepositoryTests.swift */; };
/* End PBXBuildFile section */

/* Begin PBXContainerItemProxy section */
		C0CB5C142C781C4700756B47 /* PBXContainerItemProxy */ = {
			isa = PBXContainerItemProxy;
			containerPortal = C0CB5BF22C781C4400756B47 /* Project object */;
			proxyType = 1;
			remoteGlobalIDString = C0CB5BF92C781C4400756B47;
			remoteInfo = WeatherNow;
		};
		C0CB5C1E2C781C4700756B47 /* PBXContainerItemProxy */ = {
			isa = PBXContainerItemProxy;
			containerPortal = C0CB5BF22C781C4400756B47 /* Project object */;
			proxyType = 1;
			remoteGlobalIDString = C0CB5BF92C781C4400756B47;
			remoteInfo = WeatherNow;
		};
/* End PBXContainerItemProxy section */

/* Begin PBXFileReference section */
		C014B9002C7906400098B8DB /* WeatherStatusViewController.swift */ = {isa = PBXFileReference; lastKnownFileType = sourcecode.swift; path = WeatherStatusViewController.swift; sourceTree = "<group>"; };
		C014B9022C7906550098B8DB /* WeatherStatusView.swift */ = {isa = PBXFileReference; lastKnownFileType = sourcecode.swift; path = WeatherStatusView.swift; sourceTree = "<group>"; };
		C014B9042C790B900098B8DB /* WeatherStatusViewModel.swift */ = {isa = PBXFileReference; lastKnownFileType = sourcecode.swift; path = WeatherStatusViewModel.swift; sourceTree = "<group>"; };
		C014B9062C790CB20098B8DB /* Bindable.swift */ = {isa = PBXFileReference; lastKnownFileType = sourcecode.swift; path = Bindable.swift; sourceTree = "<group>"; };
		C014B9092C790F390098B8DB /* Location.swift */ = {isa = PBXFileReference; lastKnownFileType = sourcecode.swift; path = Location.swift; sourceTree = "<group>"; };
		C014B90D2C7913AC0098B8DB /* WeatherStatusTableViewCell.swift */ = {isa = PBXFileReference; lastKnownFileType = sourcecode.swift; path = WeatherStatusTableViewCell.swift; sourceTree = "<group>"; };
		C014B90F2C792B9A0098B8DB /* WeatherStatusCoordinator.swift */ = {isa = PBXFileReference; lastKnownFileType = sourcecode.swift; path = WeatherStatusCoordinator.swift; sourceTree = "<group>"; };
		C0BA54192C7D413000818102 /* WeatherDetailViewController.swift */ = {isa = PBXFileReference; lastKnownFileType = sourcecode.swift; path = WeatherDetailViewController.swift; sourceTree = "<group>"; };
		C0BA541E2C7D544E00818102 /* README.md */ = {isa = PBXFileReference; fileEncoding = 4; lastKnownFileType = net.daringfireball.markdown; path = README.md; sourceTree = SOURCE_ROOT; };
		C0C8031D2C7CDE45001EAC04 /* APIClient.swift */ = {isa = PBXFileReference; fileEncoding = 4; lastKnownFileType = sourcecode.swift; path = APIClient.swift; sourceTree = "<group>"; };
		C0C8031F2C7CDE45001EAC04 /* WeatherResponse.swift */ = {isa = PBXFileReference; fileEncoding = 4; lastKnownFileType = sourcecode.swift; path = WeatherResponse.swift; sourceTree = "<group>"; };
		C0C803232C7CDEE9001EAC04 /* KeychainHelper.swift */ = {isa = PBXFileReference; fileEncoding = 4; lastKnownFileType = sourcecode.swift; path = KeychainHelper.swift; sourceTree = "<group>"; };
		C0CB5BFA2C781C4400756B47 /* WeatherNow.app */ = {isa = PBXFileReference; explicitFileType = wrapper.application; includeInIndex = 0; path = WeatherNow.app; sourceTree = BUILT_PRODUCTS_DIR; };
		C0CB5BFD2C781C4400756B47 /* AppDelegate.swift */ = {isa = PBXFileReference; lastKnownFileType = sourcecode.swift; path = AppDelegate.swift; sourceTree = "<group>"; };
		C0CB5BFF2C781C4400756B47 /* SceneDelegate.swift */ = {isa = PBXFileReference; lastKnownFileType = sourcecode.swift; path = SceneDelegate.swift; sourceTree = "<group>"; };
		C0CB5C072C781C4400756B47 /* WeatherNow.xcdatamodel */ = {isa = PBXFileReference; lastKnownFileType = wrapper.xcdatamodel; path = WeatherNow.xcdatamodel; sourceTree = "<group>"; };
		C0CB5C092C781C4700756B47 /* Assets.xcassets */ = {isa = PBXFileReference; lastKnownFileType = folder.assetcatalog; path = Assets.xcassets; sourceTree = "<group>"; };
		C0CB5C0C2C781C4700756B47 /* Base */ = {isa = PBXFileReference; lastKnownFileType = file.storyboard; name = Base; path = Base.lproj/LaunchScreen.storyboard; sourceTree = "<group>"; };
		C0CB5C0E2C781C4700756B47 /* Info.plist */ = {isa = PBXFileReference; lastKnownFileType = text.plist.xml; path = Info.plist; sourceTree = "<group>"; };
		C0CB5C132C781C4700756B47 /* WeatherNowTests.xctest */ = {isa = PBXFileReference; explicitFileType = wrapper.cfbundle; includeInIndex = 0; path = WeatherNowTests.xctest; sourceTree = BUILT_PRODUCTS_DIR; };
		C0CB5C1D2C781C4700756B47 /* WeatherNowUITests.xctest */ = {isa = PBXFileReference; explicitFileType = wrapper.cfbundle; includeInIndex = 0; path = WeatherNowUITests.xctest; sourceTree = BUILT_PRODUCTS_DIR; };
		C0CB5C212C781C4700756B47 /* WeatherNowUITests.swift */ = {isa = PBXFileReference; lastKnownFileType = sourcecode.swift; path = WeatherNowUITests.swift; sourceTree = "<group>"; };
		C0CB5C232C781C4700756B47 /* WeatherNowUITestsLaunchTests.swift */ = {isa = PBXFileReference; lastKnownFileType = sourcecode.swift; path = WeatherNowUITestsLaunchTests.swift; sourceTree = "<group>"; };
		C0CB5C342C78261E00756B47 /* LocationRegistrationViewController.swift */ = {isa = PBXFileReference; lastKnownFileType = sourcecode.swift; path = LocationRegistrationViewController.swift; sourceTree = "<group>"; };
		C0CB5C362C78269F00756B47 /* LocationRegistrationView.swift */ = {isa = PBXFileReference; lastKnownFileType = sourcecode.swift; path = LocationRegistrationView.swift; sourceTree = "<group>"; };
		C0CB5C3A2C782A6700756B47 /* LocationRegistrationViewModel.swift */ = {isa = PBXFileReference; lastKnownFileType = sourcecode.swift; path = LocationRegistrationViewModel.swift; sourceTree = "<group>"; };
		C0CB5C3C2C782B8D00756B47 /* LocationRegistrationCoordinator.swift */ = {isa = PBXFileReference; lastKnownFileType = sourcecode.swift; path = LocationRegistrationCoordinator.swift; sourceTree = "<group>"; };
		C0CB5C3F2C78356700756B47 /* CoordinatorInterface.swift */ = {isa = PBXFileReference; lastKnownFileType = sourcecode.swift; path = CoordinatorInterface.swift; sourceTree = "<group>"; };
		C0CB5C412C78374800756B47 /* MainCoordinator.swift */ = {isa = PBXFileReference; lastKnownFileType = sourcecode.swift; path = MainCoordinator.swift; sourceTree = "<group>"; };
		C0CB5C462C7838C400756B47 /* LocationRepositoryInterface.swift */ = {isa = PBXFileReference; lastKnownFileType = sourcecode.swift; path = LocationRepositoryInterface.swift; sourceTree = "<group>"; };
		C0CB5C482C7838E500756B47 /* WeatherRepositoryInterface.swift */ = {isa = PBXFileReference; lastKnownFileType = sourcecode.swift; path = WeatherRepositoryInterface.swift; sourceTree = "<group>"; };
		C0CB5C4C2C783A4D00756B47 /* LocationRepository.swift */ = {isa = PBXFileReference; lastKnownFileType = sourcecode.swift; path = LocationRepository.swift; sourceTree = "<group>"; };
		C0CB5C4E2C783A9500756B47 /* WeatherRepository.swift */ = {isa = PBXFileReference; lastKnownFileType = sourcecode.swift; path = WeatherRepository.swift; sourceTree = "<group>"; };
		C0CB5C552C783AFA00756B47 /* LocationEntity.swift */ = {isa = PBXFileReference; lastKnownFileType = sourcecode.swift; path = LocationEntity.swift; sourceTree = "<group>"; };
		C0E586EF2C7E54D900F6BE7B /* NotificationService.swift */ = {isa = PBXFileReference; lastKnownFileType = sourcecode.swift; path = NotificationService.swift; sourceTree = "<group>"; };
		C0E586F12C7E553900F6BE7B /* WeatherNotificationService.swift */ = {isa = PBXFileReference; lastKnownFileType = sourcecode.swift; path = WeatherNotificationService.swift; sourceTree = "<group>"; };
		C0E586F32C7E7B0D00F6BE7B /* WeatherStatusViewModelTests.swift */ = {isa = PBXFileReference; lastKnownFileType = sourcecode.swift; path = WeatherStatusViewModelTests.swift; sourceTree = "<group>"; };
		C0E586F62C7E851500F6BE7B /* MockWeatherRepository.swift */ = {isa = PBXFileReference; lastKnownFileType = sourcecode.swift; path = MockWeatherRepository.swift; sourceTree = "<group>"; };
		C0E586F82C7E857900F6BE7B /* MockLocationRepository.swift */ = {isa = PBXFileReference; lastKnownFileType = sourcecode.swift; path = MockLocationRepository.swift; sourceTree = "<group>"; };
		C0E586FA2C7E85BE00F6BE7B /* MockWeatherNotificationService.swift */ = {isa = PBXFileReference; lastKnownFileType = sourcecode.swift; path = MockWeatherNotificationService.swift; sourceTree = "<group>"; };
		C0E586FE2C7E8A2400F6BE7B /* LocationRegistrationViewModelTests.swift */ = {isa = PBXFileReference; lastKnownFileType = sourcecode.swift; path = LocationRegistrationViewModelTests.swift; sourceTree = "<group>"; };
		C0E587002C7E8BD200F6BE7B /* MockAPIClient.swift */ = {isa = PBXFileReference; lastKnownFileType = sourcecode.swift; path = MockAPIClient.swift; sourceTree = "<group>"; };
		C0E587022C7E8C6700F6BE7B /* APIClientInterface.swift */ = {isa = PBXFileReference; lastKnownFileType = sourcecode.swift; path = APIClientInterface.swift; sourceTree = "<group>"; };
		C0E587052C7E8E3600F6BE7B /* LocationRepositoryTests.swift */ = {isa = PBXFileReference; lastKnownFileType = sourcecode.swift; path = LocationRepositoryTests.swift; sourceTree = "<group>"; };
		C0E587082C7E932700F6BE7B /* WeatherRepositoryTests.swift */ = {isa = PBXFileReference; lastKnownFileType = sourcecode.swift; path = WeatherRepositoryTests.swift; sourceTree = "<group>"; };
/* End PBXFileReference section */

/* Begin PBXFrameworksBuildPhase section */
		C0CB5BF72C781C4400756B47 /* Frameworks */ = {
			isa = PBXFrameworksBuildPhase;
			buildActionMask = 2147483647;
			files = (
			);
			runOnlyForDeploymentPostprocessing = 0;
		};
		C0CB5C102C781C4700756B47 /* Frameworks */ = {
			isa = PBXFrameworksBuildPhase;
			buildActionMask = 2147483647;
			files = (
			);
			runOnlyForDeploymentPostprocessing = 0;
		};
		C0CB5C1A2C781C4700756B47 /* Frameworks */ = {
			isa = PBXFrameworksBuildPhase;
			buildActionMask = 2147483647;
			files = (
			);
			runOnlyForDeploymentPostprocessing = 0;
		};
/* End PBXFrameworksBuildPhase section */

/* Begin PBXGroup section */
		C014B8FF2C79060B0098B8DB /* WeatherStatus */ = {
			isa = PBXGroup;
			children = (
				C014B9002C7906400098B8DB /* WeatherStatusViewController.swift */,
				C014B9022C7906550098B8DB /* WeatherStatusView.swift */,
				C014B90D2C7913AC0098B8DB /* WeatherStatusTableViewCell.swift */,
			);
			path = WeatherStatus;
			sourceTree = "<group>";
		};
		C014B9082C790F070098B8DB /* Models */ = {
			isa = PBXGroup;
			children = (
				C014B9092C790F390098B8DB /* Location.swift */,
			);
			path = Models;
			sourceTree = "<group>";
		};
		C0BA54182C7D411000818102 /* WeatherDetail */ = {
			isa = PBXGroup;
			children = (
				C0BA54192C7D413000818102 /* WeatherDetailViewController.swift */,
			);
			path = WeatherDetail;
			sourceTree = "<group>";
		};
		C0BA541B2C7D53A700818102 /* App */ = {
			isa = PBXGroup;
			children = (
				C0CB5BFD2C781C4400756B47 /* AppDelegate.swift */,
				C0CB5BFF2C781C4400756B47 /* SceneDelegate.swift */,
			);
			path = App;
			sourceTree = "<group>";
		};
		C0BA541C2C7D53DA00818102 /* Resources */ = {
			isa = PBXGroup;
			children = (
				C0CB5C062C781C4400756B47 /* WeatherNow.xcdatamodeld */,
				C0CB5C092C781C4700756B47 /* Assets.xcassets */,
				C0CB5C0B2C781C4700756B47 /* LaunchScreen.storyboard */,
			);
			path = Resources;
			sourceTree = "<group>";
		};
		C0BA541D2C7D541900818102 /* Supporting Files */ = {
			isa = PBXGroup;
			children = (
				C0CB5C0E2C781C4700756B47 /* Info.plist */,
				C0BA541E2C7D544E00818102 /* README.md */,
			);
			path = "Supporting Files";
			sourceTree = "<group>";
		};
		C0C8031C2C7CDE45001EAC04 /* API */ = {
			isa = PBXGroup;
			children = (
				C0C8031D2C7CDE45001EAC04 /* APIClient.swift */,
				C0E587022C7E8C6700F6BE7B /* APIClientInterface.swift */,
			);
			path = API;
			sourceTree = "<group>";
		};
		C0C803222C7CDEE9001EAC04 /* Services */ = {
			isa = PBXGroup;
			children = (
				C0C803232C7CDEE9001EAC04 /* KeychainHelper.swift */,
				C0E586EF2C7E54D900F6BE7B /* NotificationService.swift */,
				C0E586F12C7E553900F6BE7B /* WeatherNotificationService.swift */,
			);
			path = Services;
			sourceTree = "<group>";
		};
		C0CB5BF12C781C4400756B47 = {
			isa = PBXGroup;
			children = (
				C0CB5BFC2C781C4400756B47 /* WeatherNow */,
				C0CB5C162C781C4700756B47 /* WeatherNowTests */,
				C0CB5C202C781C4700756B47 /* WeatherNowUITests */,
				C0CB5BFB2C781C4400756B47 /* Products */,
			);
			sourceTree = "<group>";
		};
		C0CB5BFB2C781C4400756B47 /* Products */ = {
			isa = PBXGroup;
			children = (
				C0CB5BFA2C781C4400756B47 /* WeatherNow.app */,
				C0CB5C132C781C4700756B47 /* WeatherNowTests.xctest */,
				C0CB5C1D2C781C4700756B47 /* WeatherNowUITests.xctest */,
			);
			name = Products;
			sourceTree = "<group>";
		};
		C0CB5BFC2C781C4400756B47 /* WeatherNow */ = {
			isa = PBXGroup;
			children = (
				C0BA541D2C7D541900818102 /* Supporting Files */,
				C0BA541C2C7D53DA00818102 /* Resources */,
				C0BA541B2C7D53A700818102 /* App */,
				C0CB5C4A2C783A2300756B47 /* Data */,
				C0CB5C432C7837CE00756B47 /* Domain */,
				C0CB5C302C78244400756B47 /* Presentation */,
			);
			path = WeatherNow;
			sourceTree = "<group>";
		};
		C0CB5C162C781C4700756B47 /* WeatherNowTests */ = {
			isa = PBXGroup;
			children = (
				C0E587072C7E8E5D00F6BE7B /* ViewModelTests */,
				C0E587042C7E8E1300F6BE7B /* RepositoryTests */,
				C0E586F52C7E84E700F6BE7B /* Mocks */,
			);
			path = WeatherNowTests;
			sourceTree = "<group>";
		};
		C0CB5C202C781C4700756B47 /* WeatherNowUITests */ = {
			isa = PBXGroup;
			children = (
				C0CB5C212C781C4700756B47 /* WeatherNowUITests.swift */,
				C0CB5C232C781C4700756B47 /* WeatherNowUITestsLaunchTests.swift */,
			);
			path = WeatherNowUITests;
			sourceTree = "<group>";
		};
		C0CB5C302C78244400756B47 /* Presentation */ = {
			isa = PBXGroup;
			children = (
				C0CB5C442C78381500756B47 /* ViewModels */,
				C0CB5C3E2C78354400756B47 /* Coordinators */,
				C0CB5C312C78246000756B47 /* Views */,
			);
			path = Presentation;
			sourceTree = "<group>";
		};
		C0CB5C312C78246000756B47 /* Views */ = {
			isa = PBXGroup;
			children = (
				C0BA54182C7D411000818102 /* WeatherDetail */,
				C014B8FF2C79060B0098B8DB /* WeatherStatus */,
				C0CB5C322C7824AF00756B47 /* LocationRegistration */,
			);
			path = Views;
			sourceTree = "<group>";
		};
		C0CB5C322C7824AF00756B47 /* LocationRegistration */ = {
			isa = PBXGroup;
			children = (
				C0CB5C342C78261E00756B47 /* LocationRegistrationViewController.swift */,
				C0CB5C362C78269F00756B47 /* LocationRegistrationView.swift */,
			);
			path = LocationRegistration;
			sourceTree = "<group>";
		};
		C0CB5C3E2C78354400756B47 /* Coordinators */ = {
			isa = PBXGroup;
			children = (
				C0CB5C3C2C782B8D00756B47 /* LocationRegistrationCoordinator.swift */,
				C0CB5C3F2C78356700756B47 /* CoordinatorInterface.swift */,
				C0CB5C412C78374800756B47 /* MainCoordinator.swift */,
				C014B90F2C792B9A0098B8DB /* WeatherStatusCoordinator.swift */,
			);
			path = Coordinators;
			sourceTree = "<group>";
		};
		C0CB5C432C7837CE00756B47 /* Domain */ = {
			isa = PBXGroup;
			children = (
				C014B9082C790F070098B8DB /* Models */,
				C0CB5C452C78389400756B47 /* Repositories */,
				C014B9062C790CB20098B8DB /* Bindable.swift */,
			);
			path = Domain;
			sourceTree = "<group>";
		};
		C0CB5C442C78381500756B47 /* ViewModels */ = {
			isa = PBXGroup;
			children = (
				C0CB5C3A2C782A6700756B47 /* LocationRegistrationViewModel.swift */,
				C014B9042C790B900098B8DB /* WeatherStatusViewModel.swift */,
			);
			path = ViewModels;
			sourceTree = "<group>";
		};
		C0CB5C452C78389400756B47 /* Repositories */ = {
			isa = PBXGroup;
			children = (
				C0CB5C462C7838C400756B47 /* LocationRepositoryInterface.swift */,
				C0CB5C482C7838E500756B47 /* WeatherRepositoryInterface.swift */,
			);
			path = Repositories;
			sourceTree = "<group>";
		};
		C0CB5C4A2C783A2300756B47 /* Data */ = {
			isa = PBXGroup;
			children = (
				C0C803222C7CDEE9001EAC04 /* Services */,
				C0C8031C2C7CDE45001EAC04 /* API */,
				C0CB5C502C783AC300756B47 /* Entities */,
				C0CB5C4B2C783A2E00756B47 /* Repositories */,
			);
			path = Data;
			sourceTree = "<group>";
		};
		C0CB5C4B2C783A2E00756B47 /* Repositories */ = {
			isa = PBXGroup;
			children = (
				C0CB5C4C2C783A4D00756B47 /* LocationRepository.swift */,
				C0CB5C4E2C783A9500756B47 /* WeatherRepository.swift */,
			);
			path = Repositories;
			sourceTree = "<group>";
		};
		C0CB5C502C783AC300756B47 /* Entities */ = {
			isa = PBXGroup;
			children = (
				C0C8031F2C7CDE45001EAC04 /* WeatherResponse.swift */,
				C0CB5C552C783AFA00756B47 /* LocationEntity.swift */,
			);
			path = Entities;
			sourceTree = "<group>";
		};
		C0E586F52C7E84E700F6BE7B /* Mocks */ = {
			isa = PBXGroup;
			children = (
				C0E586F62C7E851500F6BE7B /* MockWeatherRepository.swift */,
				C0E586F82C7E857900F6BE7B /* MockLocationRepository.swift */,
				C0E586FA2C7E85BE00F6BE7B /* MockWeatherNotificationService.swift */,
				C0E587002C7E8BD200F6BE7B /* MockAPIClient.swift */,
			);
			path = Mocks;
			sourceTree = "<group>";
		};
		C0E587042C7E8E1300F6BE7B /* RepositoryTests */ = {
			isa = PBXGroup;
			children = (
				C0E587052C7E8E3600F6BE7B /* LocationRepositoryTests.swift */,
				C0E587082C7E932700F6BE7B /* WeatherRepositoryTests.swift */,
			);
			path = RepositoryTests;
			sourceTree = "<group>";
		};
		C0E587072C7E8E5D00F6BE7B /* ViewModelTests */ = {
			isa = PBXGroup;
			children = (
				C0E586F32C7E7B0D00F6BE7B /* WeatherStatusViewModelTests.swift */,
				C0E586FE2C7E8A2400F6BE7B /* LocationRegistrationViewModelTests.swift */,
			);
			path = ViewModelTests;
			sourceTree = "<group>";
		};
/* End PBXGroup section */

/* Begin PBXNativeTarget section */
		C0CB5BF92C781C4400756B47 /* WeatherNow */ = {
			isa = PBXNativeTarget;
			buildConfigurationList = C0CB5C272C781C4700756B47 /* Build configuration list for PBXNativeTarget "WeatherNow" */;
			buildPhases = (
				C0CB5BF62C781C4400756B47 /* Sources */,
				C0CB5BF72C781C4400756B47 /* Frameworks */,
				C0CB5BF82C781C4400756B47 /* Resources */,
			);
			buildRules = (
			);
			dependencies = (
			);
			name = WeatherNow;
			productName = WeatherNow;
			productReference = C0CB5BFA2C781C4400756B47 /* WeatherNow.app */;
			productType = "com.apple.product-type.application";
		};
		C0CB5C122C781C4700756B47 /* WeatherNowTests */ = {
			isa = PBXNativeTarget;
			buildConfigurationList = C0CB5C2A2C781C4700756B47 /* Build configuration list for PBXNativeTarget "WeatherNowTests" */;
			buildPhases = (
				C0CB5C0F2C781C4700756B47 /* Sources */,
				C0CB5C102C781C4700756B47 /* Frameworks */,
				C0CB5C112C781C4700756B47 /* Resources */,
			);
			buildRules = (
			);
			dependencies = (
				C0CB5C152C781C4700756B47 /* PBXTargetDependency */,
			);
			name = WeatherNowTests;
			productName = WeatherNowTests;
			productReference = C0CB5C132C781C4700756B47 /* WeatherNowTests.xctest */;
			productType = "com.apple.product-type.bundle.unit-test";
		};
		C0CB5C1C2C781C4700756B47 /* WeatherNowUITests */ = {
			isa = PBXNativeTarget;
			buildConfigurationList = C0CB5C2D2C781C4700756B47 /* Build configuration list for PBXNativeTarget "WeatherNowUITests" */;
			buildPhases = (
				C0CB5C192C781C4700756B47 /* Sources */,
				C0CB5C1A2C781C4700756B47 /* Frameworks */,
				C0CB5C1B2C781C4700756B47 /* Resources */,
			);
			buildRules = (
			);
			dependencies = (
				C0CB5C1F2C781C4700756B47 /* PBXTargetDependency */,
			);
			name = WeatherNowUITests;
			productName = WeatherNowUITests;
			productReference = C0CB5C1D2C781C4700756B47 /* WeatherNowUITests.xctest */;
			productType = "com.apple.product-type.bundle.ui-testing";
		};
/* End PBXNativeTarget section */

/* Begin PBXProject section */
		C0CB5BF22C781C4400756B47 /* Project object */ = {
			isa = PBXProject;
			attributes = {
				BuildIndependentTargetsInParallel = 1;
				LastSwiftUpdateCheck = 1520;
				LastUpgradeCheck = 1520;
				TargetAttributes = {
					C0CB5BF92C781C4400756B47 = {
						CreatedOnToolsVersion = 15.2;
					};
					C0CB5C122C781C4700756B47 = {
						CreatedOnToolsVersion = 15.2;
						TestTargetID = C0CB5BF92C781C4400756B47;
					};
					C0CB5C1C2C781C4700756B47 = {
						CreatedOnToolsVersion = 15.2;
						TestTargetID = C0CB5BF92C781C4400756B47;
					};
				};
			};
			buildConfigurationList = C0CB5BF52C781C4400756B47 /* Build configuration list for PBXProject "WeatherNow" */;
			compatibilityVersion = "Xcode 14.0";
			developmentRegion = en;
			hasScannedForEncodings = 0;
			knownRegions = (
				en,
				Base,
			);
			mainGroup = C0CB5BF12C781C4400756B47;
			productRefGroup = C0CB5BFB2C781C4400756B47 /* Products */;
			projectDirPath = "";
			projectRoot = "";
			targets = (
				C0CB5BF92C781C4400756B47 /* WeatherNow */,
				C0CB5C122C781C4700756B47 /* WeatherNowTests */,
				C0CB5C1C2C781C4700756B47 /* WeatherNowUITests */,
			);
		};
/* End PBXProject section */

/* Begin PBXResourcesBuildPhase section */
		C0CB5BF82C781C4400756B47 /* Resources */ = {
			isa = PBXResourcesBuildPhase;
			buildActionMask = 2147483647;
			files = (
				C0BA541F2C7D544E00818102 /* README.md in Resources */,
				C0CB5C0D2C781C4700756B47 /* LaunchScreen.storyboard in Resources */,
				C0CB5C0A2C781C4700756B47 /* Assets.xcassets in Resources */,
			);
			runOnlyForDeploymentPostprocessing = 0;
		};
		C0CB5C112C781C4700756B47 /* Resources */ = {
			isa = PBXResourcesBuildPhase;
			buildActionMask = 2147483647;
			files = (
			);
			runOnlyForDeploymentPostprocessing = 0;
		};
		C0CB5C1B2C781C4700756B47 /* Resources */ = {
			isa = PBXResourcesBuildPhase;
			buildActionMask = 2147483647;
			files = (
			);
			runOnlyForDeploymentPostprocessing = 0;
		};
/* End PBXResourcesBuildPhase section */

/* Begin PBXSourcesBuildPhase section */
		C0CB5BF62C781C4400756B47 /* Sources */ = {
			isa = PBXSourcesBuildPhase;
			buildActionMask = 2147483647;
			files = (
				C0CB5C4F2C783A9500756B47 /* WeatherRepository.swift in Sources */,
				C0CB5C3D2C782B8D00756B47 /* LocationRegistrationCoordinator.swift in Sources */,
				C0E586F02C7E54D900F6BE7B /* NotificationService.swift in Sources */,
				C014B9052C790B900098B8DB /* WeatherStatusViewModel.swift in Sources */,
				C0BA541A2C7D413000818102 /* WeatherDetailViewController.swift in Sources */,
				C014B9012C7906400098B8DB /* WeatherStatusViewController.swift in Sources */,
				C0C803242C7CDEE9001EAC04 /* KeychainHelper.swift in Sources */,
				C0CB5C372C78269F00756B47 /* LocationRegistrationView.swift in Sources */,
				C0CB5C472C7838C400756B47 /* LocationRepositoryInterface.swift in Sources */,
				C0C803212C7CDE45001EAC04 /* WeatherResponse.swift in Sources */,
				C0CB5C562C783AFA00756B47 /* LocationEntity.swift in Sources */,
				C014B9072C790CB20098B8DB /* Bindable.swift in Sources */,
				C0C803202C7CDE45001EAC04 /* APIClient.swift in Sources */,
				C0CB5C4D2C783A4D00756B47 /* LocationRepository.swift in Sources */,
				C0CB5C492C7838E500756B47 /* WeatherRepositoryInterface.swift in Sources */,
				C014B90E2C7913AC0098B8DB /* WeatherStatusTableViewCell.swift in Sources */,
				C0E586F22C7E553900F6BE7B /* WeatherNotificationService.swift in Sources */,
				C014B9102C792B9A0098B8DB /* WeatherStatusCoordinator.swift in Sources */,
				C014B90A2C790F390098B8DB /* Location.swift in Sources */,
				C0CB5C422C78374800756B47 /* MainCoordinator.swift in Sources */,
				C0CB5C352C78261E00756B47 /* LocationRegistrationViewController.swift in Sources */,
				C0CB5BFE2C781C4400756B47 /* AppDelegate.swift in Sources */,
				C014B9032C7906550098B8DB /* WeatherStatusView.swift in Sources */,
				C0CB5C3B2C782A6700756B47 /* LocationRegistrationViewModel.swift in Sources */,
				C0CB5C002C781C4400756B47 /* SceneDelegate.swift in Sources */,
				C0E587032C7E8C6700F6BE7B /* APIClientInterface.swift in Sources */,
				C0CB5C082C781C4400756B47 /* WeatherNow.xcdatamodeld in Sources */,
				C0CB5C402C78356700756B47 /* CoordinatorInterface.swift in Sources */,
			);
			runOnlyForDeploymentPostprocessing = 0;
		};
		C0CB5C0F2C781C4700756B47 /* Sources */ = {
			isa = PBXSourcesBuildPhase;
			buildActionMask = 2147483647;
			files = (
				C0E586FF2C7E8A2400F6BE7B /* LocationRegistrationViewModelTests.swift in Sources */,
				C0E587062C7E8E3600F6BE7B /* LocationRepositoryTests.swift in Sources */,
				C0E587092C7E932700F6BE7B /* WeatherRepositoryTests.swift in Sources */,
				C0E586F72C7E851500F6BE7B /* MockWeatherRepository.swift in Sources */,
				C0E586FB2C7E85BE00F6BE7B /* MockWeatherNotificationService.swift in Sources */,
				C0E586F92C7E857900F6BE7B /* MockLocationRepository.swift in Sources */,
				C0E586F42C7E7B0D00F6BE7B /* WeatherStatusViewModelTests.swift in Sources */,
				C0E587012C7E8BD200F6BE7B /* MockAPIClient.swift in Sources */,
			);
			runOnlyForDeploymentPostprocessing = 0;
		};
		C0CB5C192C781C4700756B47 /* Sources */ = {
			isa = PBXSourcesBuildPhase;
			buildActionMask = 2147483647;
			files = (
				C0CB5C242C781C4700756B47 /* WeatherNowUITestsLaunchTests.swift in Sources */,
				C0CB5C222C781C4700756B47 /* WeatherNowUITests.swift in Sources */,
			);
			runOnlyForDeploymentPostprocessing = 0;
		};
/* End PBXSourcesBuildPhase section */

/* Begin PBXTargetDependency section */
		C0CB5C152C781C4700756B47 /* PBXTargetDependency */ = {
			isa = PBXTargetDependency;
			target = C0CB5BF92C781C4400756B47 /* WeatherNow */;
			targetProxy = C0CB5C142C781C4700756B47 /* PBXContainerItemProxy */;
		};
		C0CB5C1F2C781C4700756B47 /* PBXTargetDependency */ = {
			isa = PBXTargetDependency;
			target = C0CB5BF92C781C4400756B47 /* WeatherNow */;
			targetProxy = C0CB5C1E2C781C4700756B47 /* PBXContainerItemProxy */;
		};
/* End PBXTargetDependency section */

/* Begin PBXVariantGroup section */
		C0CB5C0B2C781C4700756B47 /* LaunchScreen.storyboard */ = {
			isa = PBXVariantGroup;
			children = (
				C0CB5C0C2C781C4700756B47 /* Base */,
			);
			name = LaunchScreen.storyboard;
			sourceTree = "<group>";
		};
/* End PBXVariantGroup section */

/* Begin XCBuildConfiguration section */
		C0CB5C252C781C4700756B47 /* Debug */ = {
			isa = XCBuildConfiguration;
			buildSettings = {
				ALWAYS_SEARCH_USER_PATHS = NO;
				ASSETCATALOG_COMPILER_GENERATE_SWIFT_ASSET_SYMBOL_EXTENSIONS = YES;
				CLANG_ANALYZER_NONNULL = YES;
				CLANG_ANALYZER_NUMBER_OBJECT_CONVERSION = YES_AGGRESSIVE;
				CLANG_CXX_LANGUAGE_STANDARD = "gnu++20";
				CLANG_ENABLE_MODULES = YES;
				CLANG_ENABLE_OBJC_ARC = YES;
				CLANG_ENABLE_OBJC_WEAK = YES;
				CLANG_WARN_BLOCK_CAPTURE_AUTORELEASING = YES;
				CLANG_WARN_BOOL_CONVERSION = YES;
				CLANG_WARN_COMMA = YES;
				CLANG_WARN_CONSTANT_CONVERSION = YES;
				CLANG_WARN_DEPRECATED_OBJC_IMPLEMENTATIONS = YES;
				CLANG_WARN_DIRECT_OBJC_ISA_USAGE = YES_ERROR;
				CLANG_WARN_DOCUMENTATION_COMMENTS = YES;
				CLANG_WARN_EMPTY_BODY = YES;
				CLANG_WARN_ENUM_CONVERSION = YES;
				CLANG_WARN_INFINITE_RECURSION = YES;
				CLANG_WARN_INT_CONVERSION = YES;
				CLANG_WARN_NON_LITERAL_NULL_CONVERSION = YES;
				CLANG_WARN_OBJC_IMPLICIT_RETAIN_SELF = YES;
				CLANG_WARN_OBJC_LITERAL_CONVERSION = YES;
				CLANG_WARN_OBJC_ROOT_CLASS = YES_ERROR;
				CLANG_WARN_QUOTED_INCLUDE_IN_FRAMEWORK_HEADER = YES;
				CLANG_WARN_RANGE_LOOP_ANALYSIS = YES;
				CLANG_WARN_STRICT_PROTOTYPES = YES;
				CLANG_WARN_SUSPICIOUS_MOVE = YES;
				CLANG_WARN_UNGUARDED_AVAILABILITY = YES_AGGRESSIVE;
				CLANG_WARN_UNREACHABLE_CODE = YES;
				CLANG_WARN__DUPLICATE_METHOD_MATCH = YES;
				COPY_PHASE_STRIP = NO;
				DEBUG_INFORMATION_FORMAT = dwarf;
				ENABLE_STRICT_OBJC_MSGSEND = YES;
				ENABLE_TESTABILITY = YES;
				ENABLE_USER_SCRIPT_SANDBOXING = YES;
				GCC_C_LANGUAGE_STANDARD = gnu17;
				GCC_DYNAMIC_NO_PIC = NO;
				GCC_NO_COMMON_BLOCKS = YES;
				GCC_OPTIMIZATION_LEVEL = 0;
				GCC_PREPROCESSOR_DEFINITIONS = (
					"DEBUG=1",
					"$(inherited)",
				);
				GCC_WARN_64_TO_32_BIT_CONVERSION = YES;
				GCC_WARN_ABOUT_RETURN_TYPE = YES_ERROR;
				GCC_WARN_UNDECLARED_SELECTOR = YES;
				GCC_WARN_UNINITIALIZED_AUTOS = YES_AGGRESSIVE;
				GCC_WARN_UNUSED_FUNCTION = YES;
				GCC_WARN_UNUSED_VARIABLE = YES;
				IPHONEOS_DEPLOYMENT_TARGET = 17.2;
				LOCALIZATION_PREFERS_STRING_CATALOGS = YES;
				MTL_ENABLE_DEBUG_INFO = INCLUDE_SOURCE;
				MTL_FAST_MATH = YES;
				ONLY_ACTIVE_ARCH = YES;
				SDKROOT = iphoneos;
				SWIFT_ACTIVE_COMPILATION_CONDITIONS = "DEBUG $(inherited)";
				SWIFT_OPTIMIZATION_LEVEL = "-Onone";
			};
			name = Debug;
		};
		C0CB5C262C781C4700756B47 /* Release */ = {
			isa = XCBuildConfiguration;
			buildSettings = {
				ALWAYS_SEARCH_USER_PATHS = NO;
				ASSETCATALOG_COMPILER_GENERATE_SWIFT_ASSET_SYMBOL_EXTENSIONS = YES;
				CLANG_ANALYZER_NONNULL = YES;
				CLANG_ANALYZER_NUMBER_OBJECT_CONVERSION = YES_AGGRESSIVE;
				CLANG_CXX_LANGUAGE_STANDARD = "gnu++20";
				CLANG_ENABLE_MODULES = YES;
				CLANG_ENABLE_OBJC_ARC = YES;
				CLANG_ENABLE_OBJC_WEAK = YES;
				CLANG_WARN_BLOCK_CAPTURE_AUTORELEASING = YES;
				CLANG_WARN_BOOL_CONVERSION = YES;
				CLANG_WARN_COMMA = YES;
				CLANG_WARN_CONSTANT_CONVERSION = YES;
				CLANG_WARN_DEPRECATED_OBJC_IMPLEMENTATIONS = YES;
				CLANG_WARN_DIRECT_OBJC_ISA_USAGE = YES_ERROR;
				CLANG_WARN_DOCUMENTATION_COMMENTS = YES;
				CLANG_WARN_EMPTY_BODY = YES;
				CLANG_WARN_ENUM_CONVERSION = YES;
				CLANG_WARN_INFINITE_RECURSION = YES;
				CLANG_WARN_INT_CONVERSION = YES;
				CLANG_WARN_NON_LITERAL_NULL_CONVERSION = YES;
				CLANG_WARN_OBJC_IMPLICIT_RETAIN_SELF = YES;
				CLANG_WARN_OBJC_LITERAL_CONVERSION = YES;
				CLANG_WARN_OBJC_ROOT_CLASS = YES_ERROR;
				CLANG_WARN_QUOTED_INCLUDE_IN_FRAMEWORK_HEADER = YES;
				CLANG_WARN_RANGE_LOOP_ANALYSIS = YES;
				CLANG_WARN_STRICT_PROTOTYPES = YES;
				CLANG_WARN_SUSPICIOUS_MOVE = YES;
				CLANG_WARN_UNGUARDED_AVAILABILITY = YES_AGGRESSIVE;
				CLANG_WARN_UNREACHABLE_CODE = YES;
				CLANG_WARN__DUPLICATE_METHOD_MATCH = YES;
				COPY_PHASE_STRIP = NO;
				DEBUG_INFORMATION_FORMAT = "dwarf-with-dsym";
				ENABLE_NS_ASSERTIONS = NO;
				ENABLE_STRICT_OBJC_MSGSEND = YES;
				ENABLE_USER_SCRIPT_SANDBOXING = YES;
				GCC_C_LANGUAGE_STANDARD = gnu17;
				GCC_NO_COMMON_BLOCKS = YES;
				GCC_WARN_64_TO_32_BIT_CONVERSION = YES;
				GCC_WARN_ABOUT_RETURN_TYPE = YES_ERROR;
				GCC_WARN_UNDECLARED_SELECTOR = YES;
				GCC_WARN_UNINITIALIZED_AUTOS = YES_AGGRESSIVE;
				GCC_WARN_UNUSED_FUNCTION = YES;
				GCC_WARN_UNUSED_VARIABLE = YES;
				IPHONEOS_DEPLOYMENT_TARGET = 17.2;
				LOCALIZATION_PREFERS_STRING_CATALOGS = YES;
				MTL_ENABLE_DEBUG_INFO = NO;
				MTL_FAST_MATH = YES;
				SDKROOT = iphoneos;
				SWIFT_COMPILATION_MODE = wholemodule;
				VALIDATE_PRODUCT = YES;
			};
			name = Release;
		};
		C0CB5C282C781C4700756B47 /* Debug */ = {
			isa = XCBuildConfiguration;
			buildSettings = {
				ASSETCATALOG_COMPILER_APPICON_NAME = AppIcon;
				ASSETCATALOG_COMPILER_GLOBAL_ACCENT_COLOR_NAME = AccentColor;
				CODE_SIGN_STYLE = Automatic;
				CURRENT_PROJECT_VERSION = 1;
				DEVELOPMENT_TEAM = 8NB4P3S66S;
				GENERATE_INFOPLIST_FILE = YES;
				INFOPLIST_FILE = "WeatherNow/Supporting Files/Info.plist";
				INFOPLIST_KEY_UIApplicationSupportsIndirectInputEvents = YES;
				INFOPLIST_KEY_UILaunchStoryboardName = LaunchScreen;
				INFOPLIST_KEY_UISupportedInterfaceOrientations_iPad = "UIInterfaceOrientationPortrait UIInterfaceOrientationPortraitUpsideDown UIInterfaceOrientationLandscapeLeft UIInterfaceOrientationLandscapeRight";
				INFOPLIST_KEY_UISupportedInterfaceOrientations_iPhone = "UIInterfaceOrientationPortrait UIInterfaceOrientationLandscapeLeft UIInterfaceOrientationLandscapeRight";
				LD_RUNPATH_SEARCH_PATHS = (
					"$(inherited)",
					"@executable_path/Frameworks",
				);
				MARKETING_VERSION = 1.0;
				PRODUCT_BUNDLE_IDENTIFIER = Gerardo.Granados.WeatherNow;
				PRODUCT_NAME = "$(TARGET_NAME)";
				SWIFT_EMIT_LOC_STRINGS = YES;
				SWIFT_VERSION = 5.0;
				TARGETED_DEVICE_FAMILY = "1,2";
			};
			name = Debug;
		};
		C0CB5C292C781C4700756B47 /* Release */ = {
			isa = XCBuildConfiguration;
			buildSettings = {
				ASSETCATALOG_COMPILER_APPICON_NAME = AppIcon;
				ASSETCATALOG_COMPILER_GLOBAL_ACCENT_COLOR_NAME = AccentColor;
				CODE_SIGN_STYLE = Automatic;
				CURRENT_PROJECT_VERSION = 1;
				DEVELOPMENT_TEAM = 8NB4P3S66S;
				GENERATE_INFOPLIST_FILE = YES;
				INFOPLIST_FILE = "WeatherNow/Supporting Files/Info.plist";
				INFOPLIST_KEY_UIApplicationSupportsIndirectInputEvents = YES;
				INFOPLIST_KEY_UILaunchStoryboardName = LaunchScreen;
				INFOPLIST_KEY_UISupportedInterfaceOrientations_iPad = "UIInterfaceOrientationPortrait UIInterfaceOrientationPortraitUpsideDown UIInterfaceOrientationLandscapeLeft UIInterfaceOrientationLandscapeRight";
				INFOPLIST_KEY_UISupportedInterfaceOrientations_iPhone = "UIInterfaceOrientationPortrait UIInterfaceOrientationLandscapeLeft UIInterfaceOrientationLandscapeRight";
				LD_RUNPATH_SEARCH_PATHS = (
					"$(inherited)",
					"@executable_path/Frameworks",
				);
				MARKETING_VERSION = 1.0;
				PRODUCT_BUNDLE_IDENTIFIER = Gerardo.Granados.WeatherNow;
				PRODUCT_NAME = "$(TARGET_NAME)";
				SWIFT_EMIT_LOC_STRINGS = YES;
				SWIFT_VERSION = 5.0;
				TARGETED_DEVICE_FAMILY = "1,2";
			};
			name = Release;
		};
		C0CB5C2B2C781C4700756B47 /* Debug */ = {
			isa = XCBuildConfiguration;
			buildSettings = {
				ALWAYS_EMBED_SWIFT_STANDARD_LIBRARIES = YES;
				BUNDLE_LOADER = "$(TEST_HOST)";
				CODE_SIGN_STYLE = Automatic;
				CURRENT_PROJECT_VERSION = 1;
				DEVELOPMENT_TEAM = 8NB4P3S66S;
				GENERATE_INFOPLIST_FILE = YES;
				IPHONEOS_DEPLOYMENT_TARGET = 17.2;
				MARKETING_VERSION = 1.0;
				PRODUCT_BUNDLE_IDENTIFIER = Gerardo.Granados.WeatherNowTests;
				PRODUCT_NAME = "$(TARGET_NAME)";
				SWIFT_EMIT_LOC_STRINGS = NO;
				SWIFT_VERSION = 5.0;
				TARGETED_DEVICE_FAMILY = "1,2";
				TEST_HOST = "$(BUILT_PRODUCTS_DIR)/WeatherNow.app/$(BUNDLE_EXECUTABLE_FOLDER_PATH)/WeatherNow";
			};
			name = Debug;
		};
		C0CB5C2C2C781C4700756B47 /* Release */ = {
			isa = XCBuildConfiguration;
			buildSettings = {
				ALWAYS_EMBED_SWIFT_STANDARD_LIBRARIES = YES;
				BUNDLE_LOADER = "$(TEST_HOST)";
				CODE_SIGN_STYLE = Automatic;
				CURRENT_PROJECT_VERSION = 1;
				DEVELOPMENT_TEAM = 8NB4P3S66S;
				GENERATE_INFOPLIST_FILE = YES;
				IPHONEOS_DEPLOYMENT_TARGET = 17.2;
				MARKETING_VERSION = 1.0;
				PRODUCT_BUNDLE_IDENTIFIER = Gerardo.Granados.WeatherNowTests;
				PRODUCT_NAME = "$(TARGET_NAME)";
				SWIFT_EMIT_LOC_STRINGS = NO;
				SWIFT_VERSION = 5.0;
				TARGETED_DEVICE_FAMILY = "1,2";
				TEST_HOST = "$(BUILT_PRODUCTS_DIR)/WeatherNow.app/$(BUNDLE_EXECUTABLE_FOLDER_PATH)/WeatherNow";
			};
			name = Release;
		};
		C0CB5C2E2C781C4700756B47 /* Debug */ = {
			isa = XCBuildConfiguration;
			buildSettings = {
				ALWAYS_EMBED_SWIFT_STANDARD_LIBRARIES = YES;
				CODE_SIGN_STYLE = Automatic;
				CURRENT_PROJECT_VERSION = 1;
				DEVELOPMENT_TEAM = 8NB4P3S66S;
				GENERATE_INFOPLIST_FILE = YES;
				MARKETING_VERSION = 1.0;
				PRODUCT_BUNDLE_IDENTIFIER = Gerardo.Granados.WeatherNowUITests;
				PRODUCT_NAME = "$(TARGET_NAME)";
				SWIFT_EMIT_LOC_STRINGS = NO;
				SWIFT_VERSION = 5.0;
				TARGETED_DEVICE_FAMILY = "1,2";
				TEST_TARGET_NAME = WeatherNow;
			};
			name = Debug;
		};
		C0CB5C2F2C781C4700756B47 /* Release */ = {
			isa = XCBuildConfiguration;
			buildSettings = {
				ALWAYS_EMBED_SWIFT_STANDARD_LIBRARIES = YES;
				CODE_SIGN_STYLE = Automatic;
				CURRENT_PROJECT_VERSION = 1;
				DEVELOPMENT_TEAM = 8NB4P3S66S;
				GENERATE_INFOPLIST_FILE = YES;
				MARKETING_VERSION = 1.0;
				PRODUCT_BUNDLE_IDENTIFIER = Gerardo.Granados.WeatherNowUITests;
				PRODUCT_NAME = "$(TARGET_NAME)";
				SWIFT_EMIT_LOC_STRINGS = NO;
				SWIFT_VERSION = 5.0;
				TARGETED_DEVICE_FAMILY = "1,2";
				TEST_TARGET_NAME = WeatherNow;
			};
			name = Release;
		};
/* End XCBuildConfiguration section */

/* Begin XCConfigurationList section */
		C0CB5BF52C781C4400756B47 /* Build configuration list for PBXProject "WeatherNow" */ = {
			isa = XCConfigurationList;
			buildConfigurations = (
				C0CB5C252C781C4700756B47 /* Debug */,
				C0CB5C262C781C4700756B47 /* Release */,
			);
			defaultConfigurationIsVisible = 0;
			defaultConfigurationName = Release;
		};
		C0CB5C272C781C4700756B47 /* Build configuration list for PBXNativeTarget "WeatherNow" */ = {
			isa = XCConfigurationList;
			buildConfigurations = (
				C0CB5C282C781C4700756B47 /* Debug */,
				C0CB5C292C781C4700756B47 /* Release */,
			);
			defaultConfigurationIsVisible = 0;
			defaultConfigurationName = Release;
		};
		C0CB5C2A2C781C4700756B47 /* Build configuration list for PBXNativeTarget "WeatherNowTests" */ = {
			isa = XCConfigurationList;
			buildConfigurations = (
				C0CB5C2B2C781C4700756B47 /* Debug */,
				C0CB5C2C2C781C4700756B47 /* Release */,
			);
			defaultConfigurationIsVisible = 0;
			defaultConfigurationName = Release;
		};
		C0CB5C2D2C781C4700756B47 /* Build configuration list for PBXNativeTarget "WeatherNowUITests" */ = {
			isa = XCConfigurationList;
			buildConfigurations = (
				C0CB5C2E2C781C4700756B47 /* Debug */,
				C0CB5C2F2C781C4700756B47 /* Release */,
			);
			defaultConfigurationIsVisible = 0;
			defaultConfigurationName = Release;
		};
/* End XCConfigurationList section */

/* Begin XCVersionGroup section */
		C0CB5C062C781C4400756B47 /* WeatherNow.xcdatamodeld */ = {
			isa = XCVersionGroup;
			children = (
				C0CB5C072C781C4400756B47 /* WeatherNow.xcdatamodel */,
			);
			currentVersion = C0CB5C072C781C4400756B47 /* WeatherNow.xcdatamodel */;
			path = WeatherNow.xcdatamodeld;
			sourceTree = "<group>";
			versionGroupType = wrapper.xcdatamodel;
		};
/* End XCVersionGroup section */
	};
	rootObject = C0CB5BF22C781C4400756B47 /* Project object */;
}
